
Microsoft Visual Studio Solution File, Format Version 12.00
# Visual Studio 14
VisualStudioVersion = 14.0.25420.1
MinimumVisualStudioVersion = 10.0.40219.1
Project("{FAE04EC0-301F-11D3-BF4B-00C04F79EFBC}") = "LOL.AcceptQueue", "AcceptQueue\LOL.AcceptQueue.csproj", "{F8949E31-B04D-491B-BB02-D0022CF9B93F}"
EndProject
Project("{54435603-DBB4-11D2-8724-00A0C9A8B90C}") = "LOL.SetupWizard", "LOL.SetupWizard\LOL.SetupWizard.vdproj", "{106A7FE4-6900-4720-95B1-8F616E8756FB}"
EndProject
Global
	GlobalSection(SolutionConfigurationPlatforms) = preSolution
		Debug|Any CPU = Debug|Any CPU
		Debug|x64 = Debug|x64
		Debug|x86 = Debug|x86
		Release|Any CPU = Release|Any CPU
		Release|x64 = Release|x64
		Release|x86 = Release|x86
		x64|Any CPU = x64|Any CPU
		x64|x64 = x64|x64
		x64|x86 = x64|x86
	EndGlobalSection
	GlobalSection(ProjectConfigurationPlatforms) = postSolution
		{F8949E31-B04D-491B-BB02-D0022CF9B93F}.Debug|Any CPU.ActiveCfg = Debug|Any CPU
		{F8949E31-B04D-491B-BB02-D0022CF9B93F}.Debug|Any CPU.Build.0 = Debug|Any CPU
		{F8949E31-B04D-491B-BB02-D0022CF9B93F}.Debug|x64.ActiveCfg = Debug|x64
		{F8949E31-B04D-491B-BB02-D0022CF9B93F}.Debug|x64.Build.0 = Debug|x64
		{F8949E31-B04D-491B-BB02-D0022CF9B93F}.Debug|x86.ActiveCfg = Debug|Any CPU
		{F8949E31-B04D-491B-BB02-D0022CF9B93F}.Debug|x86.Build.0 = Debug|Any CPU
		{F8949E31-B04D-491B-BB02-D0022CF9B93F}.Release|Any CPU.ActiveCfg = Release|Any CPU
		{F8949E31-B04D-491B-BB02-D0022CF9B93F}.Release|Any CPU.Build.0 = Release|Any CPU
		{F8949E31-B04D-491B-BB02-D0022CF9B93F}.Release|x64.ActiveCfg = Release|x64
		{F8949E31-B04D-491B-BB02-D0022CF9B93F}.Release|x64.Build.0 = Release|x64
		{F8949E31-B04D-491B-BB02-D0022CF9B93F}.Release|x86.ActiveCfg = Release|Any CPU
		{F8949E31-B04D-491B-BB02-D0022CF9B93F}.Release|x86.Build.0 = Release|Any CPU
		{F8949E31-B04D-491B-BB02-D0022CF9B93F}.x64|Any CPU.ActiveCfg = x64|Any CPU
		{F8949E31-B04D-491B-BB02-D0022CF9B93F}.x64|Any CPU.Build.0 = x64|Any CPU
		{F8949E31-B04D-491B-BB02-D0022CF9B93F}.x64|x64.ActiveCfg = x64|x64
		{F8949E31-B04D-491B-BB02-D0022CF9B93F}.x64|x64.Build.0 = x64|x64
		{F8949E31-B04D-491B-BB02-D0022CF9B93F}.x64|x86.ActiveCfg = x64|Any CPU
		{F8949E31-B04D-491B-BB02-D0022CF9B93F}.x64|x86.Build.0 = x64|Any CPU
		{106A7FE4-6900-4720-95B1-8F616E8756FB}.Debug|Any CPU.ActiveCfg = Debug
		{106A7FE4-6900-4720-95B1-8F616E8756FB}.Debug|x64.ActiveCfg = Debug
		{106A7FE4-6900-4720-95B1-8F616E8756FB}.Debug|x86.ActiveCfg = Debug
		{106A7FE4-6900-4720-95B1-8F616E8756FB}.Release|Any CPU.ActiveCfg = Release
		{106A7FE4-6900-4720-95B1-8F616E8756FB}.Release|x64.ActiveCfg = Release
		{106A7FE4-6900-4720-95B1-8F616E8756FB}.Release|x86.ActiveCfg = Release
		{106A7FE4-6900-4720-95B1-8F616E8756FB}.x64|Any CPU.ActiveCfg = Release
		{106A7FE4-6900-4720-95B1-8F616E8756FB}.x64|x64.ActiveCfg = Release
		{106A7FE4-6900-4720-95B1-8F616E8756FB}.x64|x86.ActiveCfg = Release
	EndGlobalSection
	GlobalSection(SolutionProperties) = preSolution
		HideSolutionNode = FALSE
	EndGlobalSection
EndGlobal
